
Microsoft Visual Studio Solution File, Format Version 12.00
# Visual Studio Version 17
VisualStudioVersion = 17.2.32519.379
MinimumVisualStudioVersion = 10.0.40219.1
Project("{FAE04EC0-301F-11D3-BF4B-00C04F79EFBC}") = "IdentityCalisma", "IdentityCalisma\IdentityCalisma.csproj", "{DEAD381B-668D-44A0-AACF-71DDA0FA18FF}"
EndProject
Global
	GlobalSection(SolutionConfigurationPlatforms) = preSolution
		Debug|Any CPU = Debug|Any CPU
		Release|Any CPU = Release|Any CPU
	EndGlobalSection
	GlobalSection(ProjectConfigurationPlatforms) = postSolution
		{DEAD381B-668D-44A0-AACF-71DDA0FA18FF}.Debug|Any CPU.ActiveCfg = Debug|Any CPU
		{DEAD381B-668D-44A0-AACF-71DDA0FA18FF}.Debug|Any CPU.Build.0 = Debug|Any CPU
		{DEAD381B-668D-44A0-AACF-71DDA0FA18FF}.Release|Any CPU.ActiveCfg = Release|Any CPU
		{DEAD381B-668D-44A0-AACF-71DDA0FA18FF}.Release|Any CPU.Build.0 = Release|Any CPU
	EndGlobalSection
	GlobalSection(SolutionProperties) = preSolution
		HideSolutionNode = FALSE
	EndGlobalSection
	GlobalSection(ExtensibilityGlobals) = postSolution
		SolutionGuid = {9652DCAA-8086-439C-BA9F-1D41C7D0C27E}
	EndGlobalSection
EndGlobal
